
Microsoft Visual Studio Solution File, Format Version 12.00
Project("{FAE04EC0-301F-11D3-BF4B-00C04F79EFBC}") = "MainApplication", "MainApplication\MainApplication.csproj", "{05CF9A1C-569D-4B51-98E8-B36A04F38FA0}"
EndProject
Global
	GlobalSection(SolutionConfigurationPlatforms) = preSolution
		Debug|Any CPU = Debug|Any CPU
		Release|Any CPU = Release|Any CPU
	EndGlobalSection
	GlobalSection(ProjectConfigurationPlatforms) = postSolution
		{05CF9A1C-569D-4B51-98E8-B36A04F38FA0}.Debug|Any CPU.ActiveCfg = Debug|Any CPU
		{05CF9A1C-569D-4B51-98E8-B36A04F38FA0}.Debug|Any CPU.Build.0 = Debug|Any CPU
		{05CF9A1C-569D-4B51-98E8-B36A04F38FA0}.Release|Any CPU.ActiveCfg = Release|Any CPU
		{05CF9A1C-569D-4B51-98E8-B36A04F38FA0}.Release|Any CPU.Build.0 = Release|Any CPU
	EndGlobalSection
EndGlobal
